
Microsoft Visual Studio Solution File, Format Version 12.00
# Visual Studio Version 17
VisualStudioVersion = 17.14.36616.10 d17.14
MinimumVisualStudioVersion = 10.0.40219.1
Project("{FAE04EC0-301F-11D3-BF4B-00C04F79EFBC}") = "Stock-Trader-App", "Stock-Trader-App\Stock-Trader-App.csproj", "{DAF82166-1CFA-46C1-A68B-A6714BBA54DC}"
EndProject
Global
	GlobalSection(SolutionConfigurationPlatforms) = preSolution
		Debug|Any CPU = Debug|Any CPU
		Release|Any CPU = Release|Any CPU
	EndGlobalSection
	GlobalSection(ProjectConfigurationPlatforms) = postSolution
		{DAF82166-1CFA-46C1-A68B-A6714BBA54DC}.Debug|Any CPU.ActiveCfg = Debug|Any CPU
		{DAF82166-1CFA-46C1-A68B-A6714BBA54DC}.Debug|Any CPU.Build.0 = Debug|Any CPU
		{DAF82166-1CFA-46C1-A68B-A6714BBA54DC}.Release|Any CPU.ActiveCfg = Release|Any CPU
		{DAF82166-1CFA-46C1-A68B-A6714BBA54DC}.Release|Any CPU.Build.0 = Release|Any CPU
	EndGlobalSection
	GlobalSection(SolutionProperties) = preSolution
		HideSolutionNode = FALSE
	EndGlobalSection
	GlobalSection(ExtensibilityGlobals) = postSolution
		SolutionGuid = {8A087AAF-1C9F-4863-8BB9-592DF79AF60D}
	EndGlobalSection
EndGlobal
